{
  "name": "2018-js-crash-course",
  "version": "1.0.0",
  "lockfileVersion": 1,
  "requires": true,
  "dependencies": {
    "circular-json": {
      "version": "0.5.7",
      "resolved": "https://registry.npmjs.org/circular-json/-/circular-json-0.5.7.tgz",
      "integrity": "sha512-/pXoV1JA847qRKPrHbBK6YIBGFF8GOP4wzSgUOA7q0ew0vAv0iJswP+2/nZQ9uzA3Azi7eTrg9L2yzXc/7ZMIA=="
    }
  }
}
